<?xml version="1.0" encoding="utf-8"?>
<Project ToolsVersion="4.0" xmlns="http://schemas.microsoft.com/developer/msbuild/2003">
  <ItemGroup>
    <Filter Include="Source Files">
      <UniqueIdentifier>{4FC737F1-C7A5-4376-A066-2A32D752A2FF}</UniqueIdentifier>
      <Extensions>cpp;c;cc;cxx;def;odl;idl;hpj;bat;asm;asmx</Extensions>
    </Filter>
    <Filter Include="Header Files">
      <UniqueIdentifier>{93995380-89BD-4b04-88EB-625FBE52EBFB}</UniqueIdentifier>
      <Extensions>h;hh;hpp;hxx;hm;inl;inc;xsd</Extensions>
    </Filter>
    <Filter Include="Resource Files">
      <UniqueIdentifier>{67DA6AB6-F800-4c08-8B7A-83BB121AAD01}</UniqueIdentifier>
      <Extensions>rc;ico;cur;bmp;dlg;rc2;rct;bin;rgs;gif;jpg;jpeg;jpe;resx;tiff;tif;png;wav;mfcribbon-ms</Extensions>
    </Filter>
  </ItemGroup>
  <ItemGroup>
    <ClCompile Include="EbmlHeader.cpp">
      <Filter>Source Files</Filter>
    </ClCompile>
    <ClCompile Include="Main.cpp">
      <Filter>Source Files</Filter>
    </ClCompile>
    <ClCompile Include="MkvReader.cpp">
      <Filter>Source Files</Filter>
    </ClCompile>
    <ClCompile Include="Segment.cpp">
      <Filter>Source Files</Filter>
    </ClCompile>
    <ClCompile Include="Seek.cpp">
      <Filter>Source Files</Filter>
    </ClCompile>
    <ClCompile Include="SeekHead.cpp">
      <Filter>Source Files</Filter>
    </ClCompile>
    <ClCompile Include="SegmentInfo.cpp">
      <Filter>Source Files</Filter>
    </ClCompile>
    <ClCompile Include="Cluster.cpp">
      <Filter>Source Files</Filter>
    </ClCompile>
    <ClCompile Include="Block.cpp">
      <Filter>Source Files</Filter>
    </ClCompile>
    <ClCompile Include="SimpleBlock.cpp">
      <Filter>Source Files</Filter>
    </ClCompile>
    <ClCompile Include="BlockGroup.cpp">
      <Filter>Source Files</Filter>
    </ClCompile>
    <ClCompile Include="Track.cpp">
      <Filter>Source Files</Filter>
    </ClCompile>
    <ClCompile Include="Cues.cpp">
      <Filter>Source Files</Filter>
    </ClCompile>
    <ClCompile Include="IEbmlElement.cpp">
      <Filter>Source Files</Filter>
    </ClCompile>
    <ClCompile Include="WebmFile.cpp">
      <Filter>Source Files</Filter>
    </ClCompile>
    <ClCompile Include="Serialization.cpp">
      <Filter>Source Files</Filter>
    </ClCompile>
  </ItemGroup>
  <ItemGroup>
    <ClInclude Include="EbmlHeader.h">
      <Filter>Header Files</Filter>
    </ClInclude>
    <ClInclude Include="Types.h">
      <Filter>Header Files</Filter>
    </ClInclude>
    <ClInclude Include="IMkvReader.h">
      <Filter>Header Files</Filter>
    </ClInclude>
    <ClInclude Include="MkvReader.hpp">
      <Filter>Header Files</Filter>
    </ClInclude>
    <ClInclude Include="Webmids.hpp">
      <Filter>Header Files</Filter>
    </ClInclude>
    <ClInclude Include="Segment.h">
      <Filter>Header Files</Filter>
    </ClInclude>
    <ClInclude Include="SeekHead.h">
      <Filter>Header Files</Filter>
    </ClInclude>
    <ClInclude Include="Seek.h">
      <Filter>Header Files</Filter>
    </ClInclude>
    <ClInclude Include="SegmentInfo.h">
      <Filter>Header Files</Filter>
    </ClInclude>
    <ClInclude Include="Cluster.h">
      <Filter>Header Files</Filter>
    </ClInclude>
    <ClInclude Include="BlockGroup.h">
      <Filter>Header Files</Filter>
    </ClInclude>
    <ClInclude Include="Block.h">
      <Filter>Header Files</Filter>
    </ClInclude>
    <ClInclude Include="SimpleBlock.h">
      <Filter>Header Files</Filter>
    </ClInclude>
    <ClInclude Include="IBlockEntry.h">
      <Filter>Header Files</Filter>
    </ClInclude>
    <ClInclude Include="Frame.h">
      <Filter>Header Files</Filter>
    </ClInclude>
    <ClInclude Include="Track.h">
      <Filter>Header Files</Filter>
    </ClInclude>
    <ClInclude Include="Cues.h">
      <Filter>Header Files</Filter>
    </ClInclude>
    <ClInclude Include="IEbmlElement.h">
      <Filter>Header Files</Filter>
    </ClInclude>
    <ClInclude Include="WebmFile.h">
      <Filter>Header Files</Filter>
    </ClInclude>
    <ClInclude Include="IMkvWriter.h">
      <Filter>Header Files</Filter>
    </ClInclude>
    <ClInclude Include="Serialization.h">
      <Filter>Header Files</Filter>
    </ClInclude>
  </ItemGroup>
</Project>